Microsoft Visual Studio Solution File, Format Version 11.00
# Visual Studio 2008

Project("{B46B8497-4585-E6D0-DDC2-E4B35852A3E6}") = "CourierDrop", "Assembly-CSharp.csproj", "{4EB4867F-FC04-EF59-017E-FACFA35B8B4A}"
EndProject
Project("{B46B8497-4585-E6D0-DDC2-E4B35852A3E6}") = "CourierDrop", "Assembly-CSharp-Editor.csproj", "{4C7BA382-992B-713D-B349-6C6EEEE3247F}"
EndProject
Global
	GlobalSection(SolutionConfigurationPlatforms) = preSolution
		Debug|Any CPU = Debug|Any CPU
		Release|Any CPU = Release|Any CPU
	EndGlobalSection
	GlobalSection(ProjectConfigurationPlatforms) = postSolution
		{4EB4867F-FC04-EF59-017E-FACFA35B8B4A}.Debug|Any CPU.ActiveCfg = Debug|Any CPU
		{4EB4867F-FC04-EF59-017E-FACFA35B8B4A}.Debug|Any CPU.Build.0 = Debug|Any CPU
		{4EB4867F-FC04-EF59-017E-FACFA35B8B4A}.Release|Any CPU.ActiveCfg = Release|Any CPU
		{4EB4867F-FC04-EF59-017E-FACFA35B8B4A}.Release|Any CPU.Build.0 = Release|Any CPU
		{4C7BA382-992B-713D-B349-6C6EEEE3247F}.Debug|Any CPU.ActiveCfg = Debug|Any CPU
		{4C7BA382-992B-713D-B349-6C6EEEE3247F}.Debug|Any CPU.Build.0 = Debug|Any CPU
		{4C7BA382-992B-713D-B349-6C6EEEE3247F}.Release|Any CPU.ActiveCfg = Release|Any CPU
		{4C7BA382-992B-713D-B349-6C6EEEE3247F}.Release|Any CPU.Build.0 = Release|Any CPU
	EndGlobalSection
	GlobalSection(SolutionProperties) = preSolution
		HideSolutionNode = FALSE
	EndGlobalSection
	GlobalSection(MonoDevelopProperties) = preSolution
		StartupItem = Assembly-CSharp.csproj
	EndGlobalSection
EndGlobal
